
Microsoft Visual Studio Solution File, Format Version 12.00
# Visual Studio Version 16
VisualStudioVersion = 16.0.31702.278
MinimumVisualStudioVersion = 10.0.40219.1
Project("{FAE04EC0-301F-11D3-BF4B-00C04F79EFBC}") = "AditionalTask", "AditionalTask\AditionalTask.csproj", "{72B22C02-F216-47BE-85BA-3702A3E2593F}"
EndProject
Project("{FAE04EC0-301F-11D3-BF4B-00C04F79EFBC}") = "Task2", "Task2\Task2.csproj", "{02A88CCA-23B7-4B43-ACAB-F693E1FBBC60}"
EndProject
Project("{FAE04EC0-301F-11D3-BF4B-00C04F79EFBC}") = "task3", "task3\task3.csproj", "{9EADA033-28BA-4F2D-BE45-47D8CF84E01C}"
EndProject
Global
	GlobalSection(SolutionConfigurationPlatforms) = preSolution
		Debug|Any CPU = Debug|Any CPU
		Release|Any CPU = Release|Any CPU
	EndGlobalSection
	GlobalSection(ProjectConfigurationPlatforms) = postSolution
		{72B22C02-F216-47BE-85BA-3702A3E2593F}.Debug|Any CPU.ActiveCfg = Debug|Any CPU
		{72B22C02-F216-47BE-85BA-3702A3E2593F}.Debug|Any CPU.Build.0 = Debug|Any CPU
		{72B22C02-F216-47BE-85BA-3702A3E2593F}.Release|Any CPU.ActiveCfg = Release|Any CPU
		{72B22C02-F216-47BE-85BA-3702A3E2593F}.Release|Any CPU.Build.0 = Release|Any CPU
		{02A88CCA-23B7-4B43-ACAB-F693E1FBBC60}.Debug|Any CPU.ActiveCfg = Debug|Any CPU
		{02A88CCA-23B7-4B43-ACAB-F693E1FBBC60}.Debug|Any CPU.Build.0 = Debug|Any CPU
		{02A88CCA-23B7-4B43-ACAB-F693E1FBBC60}.Release|Any CPU.ActiveCfg = Release|Any CPU
		{02A88CCA-23B7-4B43-ACAB-F693E1FBBC60}.Release|Any CPU.Build.0 = Release|Any CPU
		{9EADA033-28BA-4F2D-BE45-47D8CF84E01C}.Debug|Any CPU.ActiveCfg = Debug|Any CPU
		{9EADA033-28BA-4F2D-BE45-47D8CF84E01C}.Debug|Any CPU.Build.0 = Debug|Any CPU
		{9EADA033-28BA-4F2D-BE45-47D8CF84E01C}.Release|Any CPU.ActiveCfg = Release|Any CPU
		{9EADA033-28BA-4F2D-BE45-47D8CF84E01C}.Release|Any CPU.Build.0 = Release|Any CPU
	EndGlobalSection
	GlobalSection(SolutionProperties) = preSolution
		HideSolutionNode = FALSE
	EndGlobalSection
	GlobalSection(ExtensibilityGlobals) = postSolution
		SolutionGuid = {9EA6C48E-09E6-4BEB-885B-E2A3D6679978}
	EndGlobalSection
EndGlobal
